# THIS IS AN AUTOGENERATED FILE. DO NOT EDIT THIS FILE DIRECTLY.
# yarn lockfile v1


"@babel/helper-string-parser@^7.21.5":
  version "7.21.5"
  resolved "https://registry.yarnpkg.com/@babel/helper-string-parser/-/helper-string-parser-7.21.5.tgz#2b3eea65443c6bdc31c22d037c65f6d323b6b2bd"
  integrity sha512-5pTUx3hAJaZIdW99sJ6ZUUgWq/Y+Hja7TowEnLNMm1VivRgZQL3vpBY3qUACVsvw+yQU6+YgfBVmcbLaZtrA1w==

"@babel/helper-validator-identifier@^7.19.1":
  version "7.19.1"
  resolved "https://registry.yarnpkg.com/@babel/helper-validator-identifier/-/helper-validator-identifier-7.19.1.tgz#7eea834cf32901ffdc1a7ee555e2f9c27e249ca2"
  integrity sha512-awrNfaMtnHUr653GgGEs++LlAvW6w+DcPrOliSMXWCKo597CwL5Acf/wWdNkf/tfEQE3mjkeD1YOVZOUV/od1w==

"@babel/parser@^7.1.0", "@babel/parser@^7.20.7":
  version "7.21.5"
  resolved "https://registry.yarnpkg.com/@babel/parser/-/parser-7.21.5.tgz#821bb520118fd25b982eaf8d37421cf5c64a312b"
  integrity sha512-J+IxH2IsxV4HbnTrSWgMAQj0UEo61hDA4Ny8h8PCX0MLXiibqHbqIOVneqdocemSBc22VpBKxt4J6FQzy9HarQ==

"@babel/types@^7.0.0", "@babel/types@^7.20.7", "@babel/types@^7.3.0":
  version "7.21.5"
  resolved "https://registry.yarnpkg.com/@babel/types/-/types-7.21.5.tgz#18dfbd47c39d3904d5db3d3dc2cc80bedb60e5b6"
  integrity sha512-m4AfNvVF2mVC/F7fDEdH2El3HzUg9It/XsCxZiOTTA3m3qYfcSVSbTfM6Q9xG+hYDniZssYhlXKKUMD5m8tF4Q==
  dependencies:
    "@babel/helper-string-parser" "^7.21.5"
    "@babel/helper-validator-identifier" "^7.19.1"
    to-fast-properties "^2.0.0"

"@emotion/use-insertion-effect-with-fallbacks@^1.0.0":
  version "1.0.0"
  resolved "https://registry.yarnpkg.com/@emotion/use-insertion-effect-with-fallbacks/-/use-insertion-effect-with-fallbacks-1.0.0.tgz#ffadaec35dbb7885bd54de3fa267ab2f860294df"
  integrity sha512-1eEgUGmkaljiBnRMTdksDV1W4kUnmwgp7X9G8B++9GYwl1lUdqSndSriIrTJ0N7LQaoauY9JJ2yhiOYK5+NI4A==

"@juggle/resize-observer@^3.3.1":
  version "3.4.0"
  resolved "https://registry.yarnpkg.com/@juggle/resize-observer/-/resize-observer-3.4.0.tgz#08d6c5e20cf7e4cc02fd181c4b0c225cd31dbb60"
  integrity sha512-dfLbk+PwWvFzSxwk3n5ySL0hfBog779o8h68wK/7/APo/7cgyWp5jcXockbxdk5kFRkbeXWm4Fbi9FrdN381sA==

"@storybook/addon-a11y@^7.0.7":
  version "7.0.7"
  resolved "https://registry.yarnpkg.com/@storybook/addon-a11y/-/addon-a11y-7.0.7.tgz#d8c16843ac72e88cfbfc9cc151814dd5da201207"
  integrity sha512-juLmRgUh1quGoqHyG7Ttpvj/2nIyIhcuidDKXo5ot7IbJ/g80e4o2BFPbMUT1Qdq9TL/ahbNxeP7QjV0oRJKxQ==
  dependencies:
    "@storybook/addon-highlight" "7.0.7"
    "@storybook/channels" "7.0.7"
    "@storybook/client-logger" "7.0.7"
    "@storybook/components" "7.0.7"
    "@storybook/core-events" "7.0.7"
    "@storybook/global" "^5.0.0"
    "@storybook/manager-api" "7.0.7"
    "@storybook/preview-api" "7.0.7"
    "@storybook/theming" "7.0.7"
    "@storybook/types" "7.0.7"
    axe-core "^4.2.0"
    lodash "^4.17.21"
    react-resize-detector "^7.1.2"

"@storybook/addon-highlight@7.0.7":
  version "7.0.7"
  resolved "https://registry.yarnpkg.com/@storybook/addon-highlight/-/addon-highlight-7.0.7.tgz#222928e5fe5e0a108e6ca8a19ccc183dafed1026"
  integrity sha512-expme2GzzCXX7/lL7UjCDi1Tfj+4LeNsAdWiurVLH7glK7yKPPeXXkIldbLP/XjJv4NKlqCwnNRHQx0vDLlE6g==
  dependencies:
    "@storybook/core-events" "7.0.7"
    "@storybook/global" "^5.0.0"
    "@storybook/preview-api" "7.0.7"

"@storybook/channel-postmessage@7.0.7":
  version "7.0.7"
  resolved "https://registry.yarnpkg.com/@storybook/channel-postmessage/-/channel-postmessage-7.0.7.tgz#8b00a45f3a078946169f7222c320d8d1e17b67c2"
  integrity sha512-XMtYfcaE0UoY/V7K1cTu9PcWETD4iyWb/Yswc4F9VrPw0Ui4UwGS1j4iaAu8DC06yyoJs4XvxYFBMlCQmKja6A==
  dependencies:
    "@storybook/channels" "7.0.7"
    "@storybook/client-logger" "7.0.7"
    "@storybook/core-events" "7.0.7"
    "@storybook/global" "^5.0.0"
    qs "^6.10.0"
    telejson "^7.0.3"

"@storybook/channels@7.0.7":
  version "7.0.7"
  resolved "https://registry.yarnpkg.com/@storybook/channels/-/channels-7.0.7.tgz#3f3962be97b447752db99a78ef7beea9f94d75a4"
  integrity sha512-Om4ovBLNw8pVrBu83MpOKgAuGO9Dpr1Coh2qp8t64WRPkejX1mxOY9IgH723//zH3igx8LCkf9rvBvcrsyaScQ==

"@storybook/client-logger@7.0.7":
  version "7.0.7"
  resolved "https://registry.yarnpkg.com/@storybook/client-logger/-/client-logger-7.0.7.tgz#1f91eb2785111c94b7946bda2d32199c11045d71"
  integrity sha512-EclHjDs5HwHMKB4X2orn/KKA0DTIDmp4AXAUJGRfxb5ArpKEb7tXLHsgrRBlaoz1j5LAwKTmEyZOONh9G3etjg==
  dependencies:
    "@storybook/global" "^5.0.0"

"@storybook/components@7.0.7":
  version "7.0.7"
  resolved "https://registry.yarnpkg.com/@storybook/components/-/components-7.0.7.tgz#3b4829e8287e81a6850417c40f6f28e6ea5580bc"
  integrity sha512-6PLs9LMkBuhH/w4bSJ72tYgICMbOOIHuoB/fQdVlzhsdnXL2fM/v4RVW2N7v+Oz3lYXp/JtV8V9Ub8h6eDQKXg==
  dependencies:
    "@storybook/client-logger" "7.0.7"
    "@storybook/csf" "^0.1.0"
    "@storybook/global" "^5.0.0"
    "@storybook/theming" "7.0.7"
    "@storybook/types" "7.0.7"
    memoizerific "^1.11.3"
    use-resize-observer "^9.1.0"
    util-deprecate "^1.0.2"

"@storybook/core-events@7.0.7":
  version "7.0.7"
  resolved "https://registry.yarnpkg.com/@storybook/core-events/-/core-events-7.0.7.tgz#9acb6425d0a2a3d25becc21980c2c678c6c5548e"
  integrity sha512-XNsR2RgaL2vBwuqsu+KA1DzGmB1UFfrAhpxhmyWTKDCniwtTLlaXgfKbqwcrOrPu/o1YswgIup/9UHepRHaf4A==

"@storybook/csf@^0.1.0":
  version "0.1.0"
  resolved "https://registry.yarnpkg.com/@storybook/csf/-/csf-0.1.0.tgz#62315bf9704f3aa4e0d4d909b9033833774ddfbe"
  integrity sha512-uk+jMXCZ8t38jSTHk2o5btI+aV2Ksbvl6DoOv3r6VaCM1KZqeuMwtwywIQdflkA8/6q/dKT8z8L+g8hC4GC3VQ==
  dependencies:
    type-fest "^2.19.0"

"@storybook/global@^5.0.0":
  version "5.0.0"
  resolved "https://registry.yarnpkg.com/@storybook/global/-/global-5.0.0.tgz#b793d34b94f572c1d7d9e0f44fac4e0dbc9572ed"
  integrity sha512-FcOqPAXACP0I3oJ/ws6/rrPT9WGhu915Cg8D02a9YxLo0DE9zI+a9A5gRGvmQ09fiWPukqI8ZAEoQEdWUKMQdQ==

"@storybook/manager-api@7.0.7":
  version "7.0.7"
  resolved "https://registry.yarnpkg.com/@storybook/manager-api/-/manager-api-7.0.7.tgz#0b3a839f4c48c84424ce0462739afb5c7e08d1b7"
  integrity sha512-QTd/P72peAhofKqK+8yzIO9iWAEfPn8WUGGveV2KGaTlSlgbr87RLHEKilcXMZcYhBWC9izFRmjKum9ROdskrQ==
  dependencies:
    "@storybook/channels" "7.0.7"
    "@storybook/client-logger" "7.0.7"
    "@storybook/core-events" "7.0.7"
    "@storybook/csf" "^0.1.0"
    "@storybook/global" "^5.0.0"
    "@storybook/router" "7.0.7"
    "@storybook/theming" "7.0.7"
    "@storybook/types" "7.0.7"
    dequal "^2.0.2"
    lodash "^4.17.21"
    memoizerific "^1.11.3"
    semver "^7.3.7"
    store2 "^2.14.2"
    telejson "^7.0.3"
    ts-dedent "^2.0.0"

"@storybook/preview-api@7.0.7":
  version "7.0.7"
  resolved "https://registry.yarnpkg.com/@storybook/preview-api/-/preview-api-7.0.7.tgz#8f8da37418d91dd3d9009df914cb26add87a8e67"
  integrity sha512-R5pmGTodpu6hbwEg2RM2ulWtW3d426YzsisHrZJ+FT9lecWauN1y9xHCz7HdNzEFhT8r4YOa24L9ZS3mosZ7hA==
  dependencies:
    "@storybook/channel-postmessage" "7.0.7"
    "@storybook/channels" "7.0.7"
    "@storybook/client-logger" "7.0.7"
    "@storybook/core-events" "7.0.7"
    "@storybook/csf" "^0.1.0"
    "@storybook/global" "^5.0.0"
    "@storybook/types" "7.0.7"
    "@types/qs" "^6.9.5"
    dequal "^2.0.2"
    lodash "^4.17.21"
    memoizerific "^1.11.3"
    qs "^6.10.0"
    synchronous-promise "^2.0.15"
    ts-dedent "^2.0.0"
    util-deprecate "^1.0.2"

"@storybook/router@7.0.7":
  version "7.0.7"
  resolved "https://registry.yarnpkg.com/@storybook/router/-/router-7.0.7.tgz#9f60dc63f083b3a24e40e2461cc18eb531dfd451"
  integrity sha512-/lM8/NHQKeshfnC3ayFuO8Y9TCSHnCAPRhIsVxvanBzcj+ILbCIyZ+TspvB3hT4MbX/Ez+JR8VrMbjXIGwmH8w==
  dependencies:
    "@storybook/client-logger" "7.0.7"
    memoizerific "^1.11.3"
    qs "^6.10.0"

"@storybook/theming@7.0.7":
  version "7.0.7"
  resolved "https://registry.yarnpkg.com/@storybook/theming/-/theming-7.0.7.tgz#263c162825e3c0ff4eb53e204e586077e596037e"
  integrity sha512-InTZe+Sgco1NsxgiG+cyUKWQe3GsjlIyU/o5qDdtOTXcZ64HzyBuAZlAequSddqfDeMDqxRFPc2w1J28MAUHxA==
  dependencies:
    "@emotion/use-insertion-effect-with-fallbacks" "^1.0.0"
    "@storybook/client-logger" "7.0.7"
    "@storybook/global" "^5.0.0"
    memoizerific "^1.11.3"

"@storybook/types@7.0.7":
  version "7.0.7"
  resolved "https://registry.yarnpkg.com/@storybook/types/-/types-7.0.7.tgz#e42ab7e44b3d7d49f50592f0d9d03023f44af079"
  integrity sha512-v9piuwp8FvTiHXIOOi5lEyTEJKhnbcbhVxgJ3VFhhXYFd0DTz6Bst0XIIgkgs21ITb3xhkfPbCRUueMcbXO1MA==
  dependencies:
    "@storybook/channels" "7.0.7"
    "@types/babel__core" "^7.0.0"
    "@types/express" "^4.7.0"
    file-system-cache "^2.0.0"

"@types/babel__core@^7.0.0":
  version "7.20.0"
  resolved "https://registry.yarnpkg.com/@types/babel__core/-/babel__core-7.20.0.tgz#61bc5a4cae505ce98e1e36c5445e4bee060d8891"
  integrity sha512-+n8dL/9GWblDO0iU6eZAwEIJVr5DWigtle+Q6HLOrh/pdbXOhOtqzq8VPPE2zvNJzSKY4vH/z3iT3tn0A3ypiQ==
  dependencies:
    "@babel/parser" "^7.20.7"
    "@babel/types" "^7.20.7"
    "@types/babel__generator" "*"
    "@types/babel__template" "*"
    "@types/babel__traverse" "*"

"@types/babel__generator@*":
  version "7.6.4"
  resolved "https://registry.yarnpkg.com/@types/babel__generator/-/babel__generator-7.6.4.tgz#1f20ce4c5b1990b37900b63f050182d28c2439b7"
  integrity sha512-tFkciB9j2K755yrTALxD44McOrk+gfpIpvC3sxHjRawj6PfnQxrse4Clq5y/Rq+G3mrBurMax/lG8Qn2t9mSsg==
  dependencies:
    "@babel/types" "^7.0.0"

"@types/babel__template@*":
  version "7.4.1"
  resolved "https://registry.yarnpkg.com/@types/babel__template/-/babel__template-7.4.1.tgz#3d1a48fd9d6c0edfd56f2ff578daed48f36c8969"
  integrity sha512-azBFKemX6kMg5Io+/rdGT0dkGreboUVR0Cdm3fz9QJWpaQGJRQXl7C+6hOTCZcMll7KFyEQpgbYI2lHdsS4U7g==
  dependencies:
    "@babel/parser" "^7.1.0"
    "@babel/types" "^7.0.0"

"@types/babel__traverse@*":
  version "7.18.5"
  resolved "https://registry.yarnpkg.com/@types/babel__traverse/-/babel__traverse-7.18.5.tgz#c107216842905afafd3b6e774f6f935da6f5db80"
  integrity sha512-enCvTL8m/EHS/zIvJno9nE+ndYPh1/oNFzRYRmtUqJICG2VnCSBzMLW5VN2KCQU91f23tsNKR8v7VJJQMatl7Q==
  dependencies:
    "@babel/types" "^7.3.0"

"@types/body-parser@*":
  version "1.19.2"
  resolved "https://registry.yarnpkg.com/@types/body-parser/-/body-parser-1.19.2.tgz#aea2059e28b7658639081347ac4fab3de166e6f0"
  integrity sha512-ALYone6pm6QmwZoAgeyNksccT9Q4AWZQ6PvfwR37GT6r6FWUPguq6sUmNGSMV2Wr761oQoBxwGGa6DR5o1DC9g==
  dependencies:
    "@types/connect" "*"
    "@types/node" "*"

"@types/connect@*":
  version "3.4.35"
  resolved "https://registry.yarnpkg.com/@types/connect/-/connect-3.4.35.tgz#5fcf6ae445e4021d1fc2219a4873cc73a3bb2ad1"
  integrity sha512-cdeYyv4KWoEgpBISTxWvqYsVy444DOqehiF3fM3ne10AmJ62RSyNkUnxMJXHQWRQQX2eR94m5y1IZyDwBjV9FQ==
  dependencies:
    "@types/node" "*"

"@types/express-serve-static-core@^4.17.33":
  version "4.17.34"
  resolved "https://registry.yarnpkg.com/@types/express-serve-static-core/-/express-serve-static-core-4.17.34.tgz#c119e85b75215178bc127de588e93100698ab4cc"
  integrity sha512-fvr49XlCGoUj2Pp730AItckfjat4WNb0lb3kfrLWffd+RLeoGAMsq7UOy04PAPtoL01uKwcp6u8nhzpgpDYr3w==
  dependencies:
    "@types/node" "*"
    "@types/qs" "*"
    "@types/range-parser" "*"
    "@types/send" "*"

"@types/express@^4.7.0":
  version "4.17.17"
  resolved "https://registry.yarnpkg.com/@types/express/-/express-4.17.17.tgz#01d5437f6ef9cfa8668e616e13c2f2ac9a491ae4"
  integrity sha512-Q4FmmuLGBG58btUnfS1c1r/NQdlp3DMfGDGig8WhfpA2YRUtEkxAjkZb0yvplJGYdF1fsQ81iMDcH24sSCNC/Q==
  dependencies:
    "@types/body-parser" "*"
    "@types/express-serve-static-core" "^4.17.33"
    "@types/qs" "*"
    "@types/serve-static" "*"

"@types/mime@*":
  version "3.0.1"
  resolved "https://registry.yarnpkg.com/@types/mime/-/mime-3.0.1.tgz#5f8f2bca0a5863cb69bc0b0acd88c96cb1d4ae10"
  integrity sha512-Y4XFY5VJAuw0FgAqPNd6NNoV44jbq9Bz2L7Rh/J6jLTiHBSBJa9fxqQIvkIld4GsoDOcCbvzOUAbLPsSKKg+uA==

"@types/mime@^1":
  version "1.3.2"
  resolved "https://registry.yarnpkg.com/@types/mime/-/mime-1.3.2.tgz#93e25bf9ee75fe0fd80b594bc4feb0e862111b5a"
  integrity sha512-YATxVxgRqNH6nHEIsvg6k2Boc1JHI9ZbH5iWFFv/MTkchz3b1ieGDa5T0a9RznNdI0KhVbdbWSN+KWWrQZRxTw==

"@types/node@*":
  version "18.16.3"
  resolved "https://registry.yarnpkg.com/@types/node/-/node-18.16.3.tgz#6bda7819aae6ea0b386ebc5b24bdf602f1b42b01"
  integrity sha512-OPs5WnnT1xkCBiuQrZA4+YAV4HEJejmHneyraIaxsbev5yCEr6KMwINNFP9wQeFIw8FWcoTqF3vQsa5CDaI+8Q==

"@types/qs@*", "@types/qs@^6.9.5":
  version "6.9.7"
  resolved "https://registry.yarnpkg.com/@types/qs/-/qs-6.9.7.tgz#63bb7d067db107cc1e457c303bc25d511febf6cb"
  integrity sha512-FGa1F62FT09qcrueBA6qYTrJPVDzah9a+493+o2PCXsesWHIn27G98TsSMs3WPNbZIEj4+VJf6saSFpvD+3Zsw==

"@types/range-parser@*":
  version "1.2.4"
  resolved "https://registry.yarnpkg.com/@types/range-parser/-/range-parser-1.2.4.tgz#cd667bcfdd025213aafb7ca5915a932590acdcdc"
  integrity sha512-EEhsLsD6UsDM1yFhAvy0Cjr6VwmpMWqFBCb9w07wVugF7w9nfajxLuVmngTIpgS6svCnm6Vaw+MZhoDCKnOfsw==

"@types/send@*":
  version "0.17.1"
  resolved "https://registry.yarnpkg.com/@types/send/-/send-0.17.1.tgz#ed4932b8a2a805f1fe362a70f4e62d0ac994e301"
  integrity sha512-Cwo8LE/0rnvX7kIIa3QHCkcuF21c05Ayb0ZfxPiv0W8VRiZiNW/WuRupHKpqqGVGf7SUA44QSOUKaEd9lIrd/Q==
  dependencies:
    "@types/mime" "^1"
    "@types/node" "*"

"@types/serve-static@*":
  version "1.15.1"
  resolved "https://registry.yarnpkg.com/@types/serve-static/-/serve-static-1.15.1.tgz#86b1753f0be4f9a1bee68d459fcda5be4ea52b5d"
  integrity sha512-NUo5XNiAdULrJENtJXZZ3fHtfMolzZwczzBbnAeBbqBwG+LaG6YaJtuwzwGSQZ2wsCrxjEhNNjAkKigy3n8teQ==
  dependencies:
    "@types/mime" "*"
    "@types/node" "*"

axe-core@^4.2.0:
  version "4.7.0"
  resolved "https://registry.yarnpkg.com/axe-core/-/axe-core-4.7.0.tgz#34ba5a48a8b564f67e103f0aa5768d76e15bbbbf"
  integrity sha512-M0JtH+hlOL5pLQwHOLNYZaXuhqmvS8oExsqB1SBYgA4Dk7u/xx+YdGHXaK5pyUfed5mYXdlYiphWq3G8cRi5JQ==

call-bind@^1.0.0:
  version "1.0.2"
  resolved "https://registry.yarnpkg.com/call-bind/-/call-bind-1.0.2.tgz#b1d4e89e688119c3c9a903ad30abb2f6a919be3c"
  integrity sha512-7O+FbCihrB5WGbFYesctwmTKae6rOiIzmz1icreWJ+0aA7LJfuqhEso2T9ncpcFtzMQtzXf2QGGueWJGTYsqrA==
  dependencies:
    function-bind "^1.1.1"
    get-intrinsic "^1.0.2"

degit@^2.8.4:
  version "2.8.4"
  resolved "https://registry.yarnpkg.com/degit/-/degit-2.8.4.tgz#3bb9c5c00f157c44724dd4a50724e4aa75a54d38"
  integrity sha512-vqYuzmSA5I50J882jd+AbAhQtgK6bdKUJIex1JNfEUPENCgYsxugzKVZlFyMwV4i06MmnV47/Iqi5Io86zf3Ng==

dequal@^2.0.2:
  version "2.0.3"
  resolved "https://registry.yarnpkg.com/dequal/-/dequal-2.0.3.tgz#2644214f1997d39ed0ee0ece72335490a7ac67be"
  integrity sha512-0je+qPKHEMohvfRTCEo3CrPG6cAzAYgmzKyxRiYSSDkS6eGJdyVJm7WaYA5ECaAD9wLB2T4EEeymA5aFVcYXCA==

file-system-cache@^2.0.0:
  version "2.1.1"
  resolved "https://registry.yarnpkg.com/file-system-cache/-/file-system-cache-2.1.1.tgz#25bb4019f7d62b458f4bed45452b638e41f6412b"
  integrity sha512-vgZ1uDsK29DM4pptUOv47zdJO2tYM5M/ERyAE9Jk0QBN6e64Md+a+xJSOp68dCCDH4niFMVD8nC8n8A5ic0bmg==
  dependencies:
    fs-extra "^11.1.0"
    ramda "^0.28.0"

fs-extra@^11.1.0:
  version "11.1.1"
  resolved "https://registry.yarnpkg.com/fs-extra/-/fs-extra-11.1.1.tgz#da69f7c39f3b002378b0954bb6ae7efdc0876e2d"
  integrity sha512-MGIE4HOvQCeUCzmlHs0vXpih4ysz4wg9qiSAu6cd42lVwPbTM1TjV7RusoyQqMmk/95gdQZX72u+YW+c3eEpFQ==
  dependencies:
    graceful-fs "^4.2.0"
    jsonfile "^6.0.1"
    universalify "^2.0.0"

function-bind@^1.1.1:
  version "1.1.1"
  resolved "https://registry.yarnpkg.com/function-bind/-/function-bind-1.1.1.tgz#a56899d3ea3c9bab874bb9773b7c5ede92f4895d"
  integrity sha512-yIovAzMX49sF8Yl58fSCWJ5svSLuaibPxXQJFLmBObTuCr0Mf1KiPopGM9NiFjiYBCbfaa2Fh6breQ6ANVTI0A==

get-intrinsic@^1.0.2:
  version "1.2.0"
  resolved "https://registry.yarnpkg.com/get-intrinsic/-/get-intrinsic-1.2.0.tgz#7ad1dc0535f3a2904bba075772763e5051f6d05f"
  integrity sha512-L049y6nFOuom5wGyRc3/gdTLO94dySVKRACj1RmJZBQXlbTMhtNIgkWkUHq+jYmZvKf14EW1EoJnnjbmoHij0Q==
  dependencies:
    function-bind "^1.1.1"
    has "^1.0.3"
    has-symbols "^1.0.3"

graceful-fs@^4.1.6, graceful-fs@^4.2.0:
  version "4.2.11"
  resolved "https://registry.yarnpkg.com/graceful-fs/-/graceful-fs-4.2.11.tgz#4183e4e8bf08bb6e05bbb2f7d2e0c8f712ca40e3"
  integrity sha512-RbJ5/jmFcNNCcDV5o9eTnBLJ/HszWV0P73bc+Ff4nS/rJj+YaS6IGyiOL0VoBYX+l1Wrl3k63h/KrH+nhJ0XvQ==

has-symbols@^1.0.3:
  version "1.0.3"
  resolved "https://registry.yarnpkg.com/has-symbols/-/has-symbols-1.0.3.tgz#bb7b2c4349251dce87b125f7bdf874aa7c8b39f8"
  integrity sha512-l3LCuF6MgDNwTDKkdYGEihYjt5pRPbEg46rtlmnSPlUbgmB8LOIrKJbYYFBSbnPaJexMKtiPO8hmeRjRz2Td+A==

has@^1.0.3:
  version "1.0.3"
  resolved "https://registry.yarnpkg.com/has/-/has-1.0.3.tgz#722d7cbfc1f6aa8241f16dd814e011e1f41e8796"
  integrity sha512-f2dvO0VU6Oej7RkWJGrehjbzMAjFp5/VKPp5tTpWIV4JHHZK1/BxbFRtf/siA2SWTe09caDmVtYYzWEIbBS4zw==
  dependencies:
    function-bind "^1.1.1"

jsonfile@^6.0.1:
  version "6.1.0"
  resolved "https://registry.yarnpkg.com/jsonfile/-/jsonfile-6.1.0.tgz#bc55b2634793c679ec6403094eb13698a6ec0aae"
  integrity sha512-5dgndWOriYSm5cnYaJNhalLNDKOqFwyDB/rr1E9ZsGciGvKPs8R2xYGCacuf3z6K1YKDz182fd+fY3cn3pMqXQ==
  dependencies:
    universalify "^2.0.0"
  optionalDependencies:
    graceful-fs "^4.1.6"

lodash@^4.17.21:
  version "4.17.21"
  resolved "https://registry.yarnpkg.com/lodash/-/lodash-4.17.21.tgz#679591c564c3bffaae8454cf0b3df370c3d6911c"
  integrity sha512-v2kDEe57lecTulaDIuNTPy3Ry4gLGJ6Z1O3vE1krgXZNrsQ+LFTGHVxVjcXPs17LhbZVGedAJv8XZ1tvj5FvSg==

lru-cache@^6.0.0:
  version "6.0.0"
  resolved "https://registry.yarnpkg.com/lru-cache/-/lru-cache-6.0.0.tgz#6d6fe6570ebd96aaf90fcad1dafa3b2566db3a94"
  integrity sha512-Jo6dJ04CmSjuznwJSS3pUeWmd/H0ffTlkXXgwZi+eq1UCmqQwCh+eLsYOYCwY991i2Fah4h1BEMCx4qThGbsiA==
  dependencies:
    yallist "^4.0.0"

map-or-similar@^1.5.0:
  version "1.5.0"
  resolved "https://registry.yarnpkg.com/map-or-similar/-/map-or-similar-1.5.0.tgz#6de2653174adfb5d9edc33c69d3e92a1b76faf08"
  integrity sha512-0aF7ZmVon1igznGI4VS30yugpduQW3y3GkcgGJOp7d8x8QrizhigUxjI/m2UojsXXto+jLAH3KSz+xOJTiORjg==

memoizerific@^1.11.3:
  version "1.11.3"
  resolved "https://registry.yarnpkg.com/memoizerific/-/memoizerific-1.11.3.tgz#7c87a4646444c32d75438570905f2dbd1b1a805a"
  integrity sha512-/EuHYwAPdLtXwAwSZkh/Gutery6pD2KYd44oQLhAvQp/50mpyduZh8Q7PYHXTCJ+wuXxt7oij2LXyIJOOYFPog==
  dependencies:
    map-or-similar "^1.5.0"

object-inspect@^1.9.0:
  version "1.12.3"
  resolved "https://registry.yarnpkg.com/object-inspect/-/object-inspect-1.12.3.tgz#ba62dffd67ee256c8c086dfae69e016cd1f198b9"
  integrity sha512-geUvdk7c+eizMNUDkRpW1wJwgfOiOeHbxBR/hLXK1aT6zmVSO0jsQcs7fj6MGw89jC/cjGfLcNOrtMYtGqm81g==

qs@^6.10.0:
  version "6.11.1"
  resolved "https://registry.yarnpkg.com/qs/-/qs-6.11.1.tgz#6c29dff97f0c0060765911ba65cbc9764186109f"
  integrity sha512-0wsrzgTz/kAVIeuxSjnpGC56rzYtr6JT/2BwEvMaPhFIoYa1aGO8LbzuU1R0uUYQkLpWBTOj0l/CLAJB64J6nQ==
  dependencies:
    side-channel "^1.0.4"

ramda@^0.28.0:
  version "0.28.0"
  resolved "https://registry.yarnpkg.com/ramda/-/ramda-0.28.0.tgz#acd785690100337e8b063cab3470019be427cc97"
  integrity sha512-9QnLuG/kPVgWvMQ4aODhsBUFKOUmnbUnsSXACv+NCQZcHbeb+v8Lodp8OVxtRULN1/xOyYLLaL6npE6dMq5QTA==

react-resize-detector@^7.1.2:
  version "7.1.2"
  resolved "https://registry.yarnpkg.com/react-resize-detector/-/react-resize-detector-7.1.2.tgz#8ef975dd8c3d56f9a5160ac382ef7136dcd2d86c"
  integrity sha512-zXnPJ2m8+6oq9Nn8zsep/orts9vQv3elrpA+R8XTcW7DVVUJ9vwDwMXaBtykAYjMnkCIaOoK9vObyR7ZgFNlOw==
  dependencies:
    lodash "^4.17.21"

semver@^7.3.7:
  version "7.5.0"
  resolved "https://registry.yarnpkg.com/semver/-/semver-7.5.0.tgz#ed8c5dc8efb6c629c88b23d41dc9bf40c1d96cd0"
  integrity sha512-+XC0AD/R7Q2mPSRuy2Id0+CGTZ98+8f+KvwirxOKIEyid+XSx6HbC63p+O4IndTHuX5Z+JxQ0TghCkO5Cg/2HA==
  dependencies:
    lru-cache "^6.0.0"

side-channel@^1.0.4:
  version "1.0.4"
  resolved "https://registry.yarnpkg.com/side-channel/-/side-channel-1.0.4.tgz#efce5c8fdc104ee751b25c58d4290011fa5ea2cf"
  integrity sha512-q5XPytqFEIKHkGdiMIrY10mvLRvnQh42/+GoBlFW3b2LXLE2xxJpZFdm94we0BaoV3RwJyGqg5wS7epxTv0Zvw==
  dependencies:
    call-bind "^1.0.0"
    get-intrinsic "^1.0.2"
    object-inspect "^1.9.0"

store2@^2.14.2:
  version "2.14.2"
  resolved "https://registry.yarnpkg.com/store2/-/store2-2.14.2.tgz#56138d200f9fe5f582ad63bc2704dbc0e4a45068"
  integrity sha512-siT1RiqlfQnGqgT/YzXVUNsom9S0H1OX+dpdGN1xkyYATo4I6sep5NmsRD/40s3IIOvlCq6akxkqG82urIZW1w==

synchronous-promise@^2.0.15:
  version "2.0.17"
  resolved "https://registry.yarnpkg.com/synchronous-promise/-/synchronous-promise-2.0.17.tgz#38901319632f946c982152586f2caf8ddc25c032"
  integrity sha512-AsS729u2RHUfEra9xJrE39peJcc2stq2+poBXX8bcM08Y6g9j/i/PUzwNQqkaJde7Ntg1TO7bSREbR5sdosQ+g==

telejson@^7.0.3:
  version "7.1.0"
  resolved "https://registry.yarnpkg.com/telejson/-/telejson-7.1.0.tgz#1ef7a0dd57eeb52cde933126f61bcc296c170f52"
  integrity sha512-jFJO4P5gPebZAERPkJsqMAQ0IMA1Hi0AoSfxpnUaV6j6R2SZqlpkbS20U6dEUtA3RUYt2Ak/mTlkQzHH9Rv/hA==
  dependencies:
    memoizerific "^1.11.3"

to-fast-properties@^2.0.0:
  version "2.0.0"
  resolved "https://registry.yarnpkg.com/to-fast-properties/-/to-fast-properties-2.0.0.tgz#dc5e698cbd079265bc73e0377681a4e4e83f616e"
  integrity sha512-/OaKK0xYrs3DmxRYqL/yDc+FxFUVYhDlXMhRmv3z915w2HF1tnN1omB354j8VUGO/hbRzyD6Y3sA7v7GS/ceog==

ts-dedent@^2.0.0:
  version "2.2.0"
  resolved "https://registry.yarnpkg.com/ts-dedent/-/ts-dedent-2.2.0.tgz#39e4bd297cd036292ae2394eb3412be63f563bb5"
  integrity sha512-q5W7tVM71e2xjHZTlgfTDoPF/SmqKG5hddq9SzR49CH2hayqRKJtQ4mtRlSxKaJlR/+9rEM+mnBHf7I2/BQcpQ==

type-fest@^2.19.0:
  version "2.19.0"
  resolved "https://registry.yarnpkg.com/type-fest/-/type-fest-2.19.0.tgz#88068015bb33036a598b952e55e9311a60fd3a9b"
  integrity sha512-RAH822pAdBgcNMAfWnCBU3CFZcfZ/i1eZjwFU/dsLKumyuuP3niueg2UAukXYF0E2AAoc82ZSSf9J0WQBinzHA==

universalify@^2.0.0:
  version "2.0.0"
  resolved "https://registry.yarnpkg.com/universalify/-/universalify-2.0.0.tgz#75a4984efedc4b08975c5aeb73f530d02df25717"
  integrity sha512-hAZsKq7Yy11Zu1DE0OzWjw7nnLZmJZYTDZZyEFHZdUhV8FkH5MCfoU1XMaxXovpyW5nq5scPqq0ZDP9Zyl04oQ==

use-resize-observer@^9.1.0:
  version "9.1.0"
  resolved "https://registry.yarnpkg.com/use-resize-observer/-/use-resize-observer-9.1.0.tgz#14735235cf3268569c1ea468f8a90c5789fc5c6c"
  integrity sha512-R25VqO9Wb3asSD4eqtcxk8sJalvIOYBqS8MNZlpDSQ4l4xMQxC/J7Id9HoTqPq8FwULIn0PVW+OAqF2dyYbjow==
  dependencies:
    "@juggle/resize-observer" "^3.3.1"

util-deprecate@^1.0.2:
  version "1.0.2"
  resolved "https://registry.yarnpkg.com/util-deprecate/-/util-deprecate-1.0.2.tgz#450d4dc9fa70de732762fbd2d4a28981419a0ccf"
  integrity sha512-EPD5q1uXyFxJpCrLnCc1nHnq3gOa6DZBocAIiI2TaSCA7VCJ1UJDMagCzIkXNsUYfD1daK//LTEQ8xiIbrHtcw==

yallist@^4.0.0:
  version "4.0.0"
  resolved "https://registry.yarnpkg.com/yallist/-/yallist-4.0.0.tgz#9bb92790d9c0effec63be73519e11a35019a3a72"
  integrity sha512-3wdGidZyq5PB084XLES5TpOSRA3wjXAlIWMhum2kRcv/41Sn2emQ0dycQW4uZXLejwKvg6EsvbdlVL+FYEct7A==
